
Microsoft Visual Studio Solution File, Format Version 12.00
# Visual Studio Version 17
VisualStudioVersion = 17.0.31912.275
MinimumVisualStudioVersion = 10.0.40219.1
Project("{FAE04EC0-301F-11D3-BF4B-00C04F79EFBC}") = "ReconocimientoFacial", "ReconocimientoFacial\ReconocimientoFacial.csproj", "{290C11CB-D60D-46B6-A2BC-46EA89D772F9}"
EndProject
Global
	GlobalSection(SolutionConfigurationPlatforms) = preSolution
		Debug|Any CPU = Debug|Any CPU
		Release|Any CPU = Release|Any CPU
	EndGlobalSection
	GlobalSection(ProjectConfigurationPlatforms) = postSolution
		{290C11CB-D60D-46B6-A2BC-46EA89D772F9}.Debug|Any CPU.ActiveCfg = Debug|Any CPU
		{290C11CB-D60D-46B6-A2BC-46EA89D772F9}.Debug|Any CPU.Build.0 = Debug|Any CPU
		{290C11CB-D60D-46B6-A2BC-46EA89D772F9}.Release|Any CPU.ActiveCfg = Release|Any CPU
		{290C11CB-D60D-46B6-A2BC-46EA89D772F9}.Release|Any CPU.Build.0 = Release|Any CPU
	EndGlobalSection
	GlobalSection(SolutionProperties) = preSolution
		HideSolutionNode = FALSE
	EndGlobalSection
	GlobalSection(ExtensibilityGlobals) = postSolution
		SolutionGuid = {FCDD769E-9836-4A47-94B0-01FBB816DA3D}
	EndGlobalSection
EndGlobal
